
Microsoft Visual Studio Solution File, Format Version 12.00
# Visual Studio Version 17
VisualStudioVersion = 17.4.33205.214
MinimumVisualStudioVersion = 10.0.40219.1
Project("{FAE04EC0-301F-11D3-BF4B-00C04F79EFBC}") = "ProjectCards", "ProjectCards\ProjectCards.csproj", "{1E950A58-2EEA-4F38-B50B-30A82E8CA31C}"
EndProject
Global
	GlobalSection(SolutionConfigurationPlatforms) = preSolution
		Debug|Any CPU = Debug|Any CPU
		Release|Any CPU = Release|Any CPU
	EndGlobalSection
	GlobalSection(ProjectConfigurationPlatforms) = postSolution
		{1E950A58-2EEA-4F38-B50B-30A82E8CA31C}.Debug|Any CPU.ActiveCfg = Debug|Any CPU
		{1E950A58-2EEA-4F38-B50B-30A82E8CA31C}.Debug|Any CPU.Build.0 = Debug|Any CPU
		{1E950A58-2EEA-4F38-B50B-30A82E8CA31C}.Release|Any CPU.ActiveCfg = Release|Any CPU
		{1E950A58-2EEA-4F38-B50B-30A82E8CA31C}.Release|Any CPU.Build.0 = Release|Any CPU
	EndGlobalSection
	GlobalSection(SolutionProperties) = preSolution
		HideSolutionNode = FALSE
	EndGlobalSection
	GlobalSection(ExtensibilityGlobals) = postSolution
		SolutionGuid = {50D8ADF9-7198-4A07-B6C1-DB7F2DA34E53}
	EndGlobalSection
EndGlobal
